
Microsoft Visual Studio Solution File, Format Version 12.00
# Visual Studio Version 17
VisualStudioVersion = 17.5.33627.172
MinimumVisualStudioVersion = 10.0.40219.1
Project("{FAE04EC0-301F-11D3-BF4B-00C04F79EFBC}") = "PrivateMethodTesting", "PrivateMethodTesting\PrivateMethodTesting.csproj", "{BC2E2EB6-8942-4CC4-9F41-F4FEBFCCB052}"
EndProject
Global
	GlobalSection(SolutionConfigurationPlatforms) = preSolution
		Debug|Any CPU = Debug|Any CPU
		Release|Any CPU = Release|Any CPU
	EndGlobalSection
	GlobalSection(ProjectConfigurationPlatforms) = postSolution
		{BC2E2EB6-8942-4CC4-9F41-F4FEBFCCB052}.Debug|Any CPU.ActiveCfg = Debug|Any CPU
		{BC2E2EB6-8942-4CC4-9F41-F4FEBFCCB052}.Debug|Any CPU.Build.0 = Debug|Any CPU
		{BC2E2EB6-8942-4CC4-9F41-F4FEBFCCB052}.Release|Any CPU.ActiveCfg = Release|Any CPU
		{BC2E2EB6-8942-4CC4-9F41-F4FEBFCCB052}.Release|Any CPU.Build.0 = Release|Any CPU
	EndGlobalSection
	GlobalSection(SolutionProperties) = preSolution
		HideSolutionNode = FALSE
	EndGlobalSection
	GlobalSection(ExtensibilityGlobals) = postSolution
		SolutionGuid = {99AF939F-AB5F-4306-8CE2-BCDB1BDCE2E3}
	EndGlobalSection
EndGlobal
